
Microsoft Visual Studio Solution File, Format Version 12.00
# Visual Studio Version 16
VisualStudioVersion = 16.0.29324.140
MinimumVisualStudioVersion = 10.0.40219.1
Project("{FAE04EC0-301F-11D3-BF4B-00C04F79EFBC}") = "programacion ejercisios2", "programacion ejercisios2.csproj", "{A03C2485-6682-4B12-9DBF-EA0EE199ED44}"
EndProject
Global
	GlobalSection(SolutionConfigurationPlatforms) = preSolution
		Debug|Any CPU = Debug|Any CPU
		Release|Any CPU = Release|Any CPU
	EndGlobalSection
	GlobalSection(ProjectConfigurationPlatforms) = postSolution
		{A03C2485-6682-4B12-9DBF-EA0EE199ED44}.Debug|Any CPU.ActiveCfg = Debug|Any CPU
		{A03C2485-6682-4B12-9DBF-EA0EE199ED44}.Debug|Any CPU.Build.0 = Debug|Any CPU
		{A03C2485-6682-4B12-9DBF-EA0EE199ED44}.Release|Any CPU.ActiveCfg = Release|Any CPU
		{A03C2485-6682-4B12-9DBF-EA0EE199ED44}.Release|Any CPU.Build.0 = Release|Any CPU
	EndGlobalSection
	GlobalSection(SolutionProperties) = preSolution
		HideSolutionNode = FALSE
	EndGlobalSection
	GlobalSection(ExtensibilityGlobals) = postSolution
		SolutionGuid = {02710A9E-5B86-4FD1-9B61-0F1526254663}
	EndGlobalSection
EndGlobal
